Microsoft Visual Studio Solution File, Format Version 12.00
# Visual Studio Version 17
VisualStudioVersion = 17.5.2.0
MinimumVisualStudioVersion = 10.0.40219.1
Project("{2150E333-8FDC-42A3-9474-1A3956D46DE8}") = "Lectures", "Lectures", "{E62038A7-9C0D-6F4A-B2BE-304895DB26FB}"
EndProject
Project("{2150E333-8FDC-42A3-9474-1A3956D46DE8}") = "Lec04", "Lec04", "{7AD3F48D-447C-211D-9059-7D1C4402124C}"
EndProject
Project("{FAE04EC0-301F-11D3-BF4B-00C04F79EFBC}") = "sexpr", "Lectures\Lec04\SExpr\sexpr.csproj", "{44214F3A-2146-909F-FEE0-A65CEE34C88D}"
EndProject
Global
	GlobalSection(SolutionConfigurationPlatforms) = preSolution
		Debug|Any CPU = Debug|Any CPU
		Release|Any CPU = Release|Any CPU
	EndGlobalSection
	GlobalSection(ProjectConfigurationPlatforms) = postSolution
		{44214F3A-2146-909F-FEE0-A65CEE34C88D}.Debug|Any CPU.ActiveCfg = Debug|Any CPU
		{44214F3A-2146-909F-FEE0-A65CEE34C88D}.Debug|Any CPU.Build.0 = Debug|Any CPU
		{44214F3A-2146-909F-FEE0-A65CEE34C88D}.Release|Any CPU.ActiveCfg = Release|Any CPU
		{44214F3A-2146-909F-FEE0-A65CEE34C88D}.Release|Any CPU.Build.0 = Release|Any CPU
	EndGlobalSection
	GlobalSection(SolutionProperties) = preSolution
		HideSolutionNode = FALSE
	EndGlobalSection
	GlobalSection(NestedProjects) = preSolution
		{7AD3F48D-447C-211D-9059-7D1C4402124C} = {E62038A7-9C0D-6F4A-B2BE-304895DB26FB}
		{44214F3A-2146-909F-FEE0-A65CEE34C88D} = {7AD3F48D-447C-211D-9059-7D1C4402124C}
	EndGlobalSection
	GlobalSection(ExtensibilityGlobals) = postSolution
		SolutionGuid = {DB06B9BF-AB89-48DD-89E6-3052ADC0C7D0}
	EndGlobalSection
EndGlobal
